{
  "requires": true,
  "lockfileVersion": 1,
  "dependencies": {
    "dommatrix": {
      "version": "1.0.3",
      "resolved": "https://registry.npmjs.org/dommatrix/-/dommatrix-1.0.3.tgz",
      "integrity": "sha512-l32Xp/TLgWb8ReqbVJAFIvXmY7go4nTxxlWiAFyhoQw9RKEOHBZNnyGvJWqDVSPmq3Y9HlM4npqF/T6VMOXhww=="
    },
    "js-tokens": {
      "version": "4.0.0",
      "resolved": "https://registry.npmjs.org/js-tokens/-/js-tokens-4.0.0.tgz",
      "integrity": "sha512-RdJUflcE3cUzKiMqQgsCu06FPu9UdIJO0beYbPhHN4k6apgJtifcoCtT9bcxOpYBtpD2kCM6Sbzg4CausW/PKQ=="
    },
    "loose-envify": {
      "version": "1.4.0",
      "resolved": "https://registry.npmjs.org/loose-envify/-/loose-envify-1.4.0.tgz",
      "integrity": "sha512-lyuxPGr/Wfhrlem2CL/UcnUc1zcqKAImBDzukY7Y5F/yQiNdko6+fRLevlw1HgMySw7f611UIY408EtxRSoK3Q==",
      "requires": {
        "js-tokens": "^3.0.0 || ^4.0.0"
      }
    },
    "object-assign": {
      "version": "4.1.1",
      "resolved": "https://registry.npmjs.org/object-assign/-/object-assign-4.1.1.tgz",
      "integrity": "sha1-IQmtx5ZYh8/AXLvUQsrIv7s2CGM="
    },
    "pdf-viewer-reactjs": {
      "version": "2.2.3",
      "resolved": "https://registry.npmjs.org/pdf-viewer-reactjs/-/pdf-viewer-reactjs-2.2.3.tgz",
      "integrity": "sha512-HM6ngxxnbztd/N/3dB+of3jSZtzS8CjcAoIfSWe7OY9Aqwb6cXLHbluCWc//cySXDdj3hhe8Wj5Wjg7T1ktxUA==",
      "requires": {
        "pdfjs-dist": "^2.6.347",
        "prop-types": "^15.7.2"
      }
    },
    "pdfjs-dist": {
      "version": "2.14.305",
      "resolved": "https://registry.npmjs.org/pdfjs-dist/-/pdfjs-dist-2.14.305.tgz",
      "integrity": "sha512-5f7i25J1dKIBczhgfxEgNxfYNIxXEdxqo6Qb4ehY7Ja+p6AI4uUmk/OcVGXfRGm2ys5iaJJhJUwBFwv6Jl/Qww==",
      "requires": {
        "dommatrix": "^1.0.1",
        "web-streams-polyfill": "^3.2.1"
      }
    },
    "prop-types": {
      "version": "15.8.1",
      "resolved": "https://registry.npmjs.org/prop-types/-/prop-types-15.8.1.tgz",
      "integrity": "sha512-oj87CgZICdulUohogVAR7AjlC0327U4el4L6eAvOqCeudMDVU0NThNaV+b9Df4dXgSP1gXMTnPdhfe/2qDH5cg==",
      "requires": {
        "loose-envify": "^1.4.0",
        "object-assign": "^4.1.1",
        "react-is": "^16.13.1"
      }
    },
    "react-is": {
      "version": "16.13.1",
      "resolved": "https://registry.npmjs.org/react-is/-/react-is-16.13.1.tgz",
      "integrity": "sha512-24e6ynE2H+OKt4kqsOvNd8kBpV65zoxbA4BVsEOB3ARVWQki/DHzaUoC5KuON/BiccDaCCTZBuOcfZs70kR8bQ=="
    },
    "web-streams-polyfill": {
      "version": "3.2.1",
      "resolved": "https://registry.npmjs.org/web-streams-polyfill/-/web-streams-polyfill-3.2.1.tgz",
      "integrity": "sha512-e0MO3wdXWKrLbL0DgGnUV7WHVuw9OUvL4hjgnPkIeEvESk74gAITi5G606JtZPp39cd8HA9VQzCIvA49LpPN5Q=="
    }
  }
}
